PODS:
  - AppAuth (1.4.0):
    - AppAuth/Core (= 1.4.0)
    - AppAuth/ExternalUserAgent (= 1.4.0)
  - AppAuth/Core (1.4.0)
  - AppAuth/ExternalUserAgent (1.4.0)
  - FBAEMKit (11.2.1):
    - FBAEMKit/AEM (= 11.2.1)
  - FBAEMKit/AEM (11.2.1):
    - FBSDKCoreKit_Basics (~> 11.2.1)
  - FBSDKCoreKit (11.2.1):
    - FBSDKCoreKit/Core (= 11.2.1)
  - FBSDKCoreKit/Core (11.2.1):
    - FBAEMKit (~> 11.2.1)
    - FBSDKCoreKit_Basics (~> 11.2.1)
  - FBSDKCoreKit_Basics (11.2.1):
    - FBSDKCoreKit_Basics/Basics (= 11.2.1)
  - FBSDKCoreKit_Basics/Basics (11.2.1)
  - FBSDKLoginKit (11.2.1):
    - FBSDKLoginKit/Login (= 11.2.1)
  - FBSDKLoginKit/Login (11.2.1):
    - FBSDKCoreKit (~> 11.2.1)
    - FBSDKCoreKit_Basics (~> 11.2.1)
  - Flutter (1.0.0)
  - flutter_facebook_auth (3.5.1):
    - FBSDKCoreKit (~> 11.2.0)
    - FBSDKLoginKit (~> 11.2.0)
    - Flutter
  - flutter_keyboard_visibility (0.0.1):
    - Flutter
  - flutter_secure_storage (3.3.1):
    - Flutter
  - flutter_web_auth (0.3.1):
    - Flutter
  - google_sign_in (0.0.1):
    - Flutter
    - GoogleSignIn (~> 5.0)
  - GoogleSignIn (5.0.2):
    - AppAuth (~> 1.2)
    - GTMAppAuth (~> 1.0)
    - GTMSessionFetcher/Core (~> 1.1)
  - GTMAppAuth (1.2.2):
    - AppAuth/Core (~> 1.4)
    - GTMSessionFetcher/Core (~> 1.5)
  - GTMSessionFetcher/Core (1.7.0)
  - image_picker (0.0.1):
    - Flutter
  - path_provider (0.0.1):
    - Flutter
  - share (0.0.1):
    - Flutter
  - shared_preferences (0.0.1):
    - Flutter
  - url_launcher (0.0.1):
    - Flutter
  - video_player (0.0.1):
    - Flutter
  - wakelock (0.0.1):
    - Flutter
  - webview_flutter_wkwebview (0.0.1):
    - Flutter

DEPENDENCIES:
  - Flutter (from `Flutter`)
  - flutter_facebook_auth (from `.symlinks/plugins/flutter_facebook_auth/ios`)
  - flutter_keyboard_visibility (from `.symlinks/plugins/flutter_keyboard_visibility/ios`)
  - flutter_secure_storage (from `.symlinks/plugins/flutter_secure_storage/ios`)
  - flutter_web_auth (from `.symlinks/plugins/flutter_web_auth/ios`)
  - google_sign_in (from `.symlinks/plugins/google_sign_in/ios`)
  - image_picker (from `.symlinks/plugins/image_picker/ios`)
  - path_provider (from `.symlinks/plugins/path_provider/ios`)
  - share (from `.symlinks/plugins/share/ios`)
  - shared_preferences (from `.symlinks/plugins/shared_preferences/ios`)
  - url_launcher (from `.symlinks/plugins/url_launcher/ios`)
  - video_player (from `.symlinks/plugins/video_player/ios`)
  - wakelock (from `.symlinks/plugins/wakelock/ios`)
  - webview_flutter_wkwebview (from `.symlinks/plugins/webview_flutter_wkwebview/ios`)

SPEC REPOS:
  trunk:
    - AppAuth
    - FBAEMKit
    - FBSDKCoreKit
    - FBSDKCoreKit_Basics
    - FBSDKLoginKit
    - GoogleSignIn
    - GTMAppAuth
    - GTMSessionFetcher

EXTERNAL SOURCES:
  Flutter:
    :path: Flutter
  flutter_facebook_auth:
    :path: ".symlinks/plugins/flutter_facebook_auth/ios"
  flutter_keyboard_visibility:
    :path: ".symlinks/plugins/flutter_keyboard_visibility/ios"
  flutter_secure_storage:
    :path: ".symlinks/plugins/flutter_secure_storage/ios"
  flutter_web_auth:
    :path: ".symlinks/plugins/flutter_web_auth/ios"
  google_sign_in:
    :path: ".symlinks/plugins/google_sign_in/ios"
  image_picker:
    :path: ".symlinks/plugins/image_picker/ios"
  path_provider:
    :path: ".symlinks/plugins/path_provider/ios"
  share:
    :path: ".symlinks/plugins/share/ios"
  shared_preferences:
    :path: ".symlinks/plugins/shared_preferences/ios"
  url_launcher:
    :path: ".symlinks/plugins/url_launcher/ios"
  video_player:
    :path: ".symlinks/plugins/video_player/ios"
  wakelock:
    :path: ".symlinks/plugins/wakelock/ios"
  webview_flutter_wkwebview:
    :path: ".symlinks/plugins/webview_flutter_wkwebview/ios"

SPEC CHECKSUMS:
  AppAuth: 31bcec809a638d7bd2f86ea8a52bd45f6e81e7c7
  FBAEMKit: 5de0a7aaa854eec69bb5be20795952a63d38a5f6
  FBSDKCoreKit: bf655f808b040ed66a72b9922911b39d703e64f4
  FBSDKCoreKit_Basics: 73ebe3a27eb688ac5b5aa7e99f68992993042115
  FBSDKLoginKit: 2e76831ef08d356b8f9150ea51cce865074ea304
  Flutter: 50d75fe2f02b26cc09d224853bb45737f8b3214a
  flutter_facebook_auth: 870a465b1afff3ace7a592bd44665d921991726c
  flutter_keyboard_visibility: 0339d06371254c3eb25eeb90ba8d17dca8f9c069
  flutter_secure_storage: 7953c38a04c3fdbb00571bcd87d8e3b5ceb9daec
  flutter_web_auth: eae2fc62b97d9a44c5c2a1ed0404a6ce396e3d7f
  google_sign_in: c5cecea71f3be43282263550556e311c4cc03582
  GoogleSignIn: 7137d297ddc022a7e0aa4619c86d72c909fa7213
  GTMAppAuth: ad5c2b70b9a8689e1a04033c9369c4915bfcbe89
  GTMSessionFetcher: 43748f93435c2aa068b1cbe39655aaf600652e91
  image_picker: 9aa50e1d8cdacdbed739e925b7eea16d014367e6
  path_provider: d1e9807085df1f9cc9318206cd649dc0b76be3de
  share: 0b2c3e82132f5888bccca3351c504d0003b3b410
  shared_preferences: 5033afbb22d372e15aff8ff766df9021b845f273
  url_launcher: b6e016d912f04be9f5bf6e8e82dc599b7ba59649
  video_player: ecd305f42e9044793efd34846e1ce64c31ea6fcb
  wakelock: d0fc7c864128eac40eba1617cb5264d9c940b46f
  webview_flutter_wkwebview: 44aa025fbcf6730d808f1e0d86a5af5ac25fa8de

PODFILE CHECKSUM: a75497545d4391e2d394c3668e20cfb1c2bbd4aa

COCOAPODS: 1.11.2
